// !$*UTF8*$!
{
	archiveVersion = 1;
	classes = {
	};
	objectVersion = 77;
	objects = {

/* Begin PBXBuildFile section */
		2B3C4D5E6F708192A3B4C5D8 /* KeyboardShortcuts in Frameworks */ = {isa = PBXBuildFile; productRef = 2B3C4D5E6F708192A3B4C5D7 /* KeyboardShortcuts */; };
		9A1B2C3D4E5F60718293A4B5 /* FluidAudio in Frameworks */ = {isa = PBXBuildFile; productRef = 9A1B2C3D4E5F60718293A4B4 /* FluidAudio */; };
/* End PBXBuildFile section */

/* Begin PBXContainerItemProxy section */
		A10000000000000000000002 /* PBXContainerItemProxy */ = {
			isa = PBXContainerItemProxy;
			containerPortal = 05A71C8B2F5A93C3009A5F0F /* Project object */;
			proxyType = 1;
			remoteGlobalIDString = 05A71C922F5A93C3009A5F0F;
			remoteInfo = Cue;
		};
		05A71CA12F5A93C4009A5F0F /* PBXContainerItemProxy */ = {
			isa = PBXContainerItemProxy;
			containerPortal = 05A71C8B2F5A93C3009A5F0F /* Project object */;
			proxyType = 1;
			remoteGlobalIDString = 05A71C922F5A93C3009A5F0F;
			remoteInfo = Cue;
		};
/* End PBXContainerItemProxy section */

/* Begin PBXFileReference section */
		05A71C932F5A93C3009A5F0F /* Cue.app */ = {isa = PBXFileReference; explicitFileType = wrapper.application; includeInIndex = 0; path = Cue.app; sourceTree = BUILT_PRODUCTS_DIR; };
		05A71CA02F5A93C4009A5F0F /* CueTests.xctest */ = {isa = PBXFileReference; explicitFileType = wrapper.cfbundle; includeInIndex = 0; path = CueTests.xctest; sourceTree = BUILT_PRODUCTS_DIR; };
		1A2B3C4D5E6F708192A3B4C6 /* README.md */ = {isa = PBXFileReference; lastKnownFileType = net.daringfireball.markdown; path = README.md; sourceTree = "<group>"; };
		1A2B3C4D5E6F708192A3B4D1 /* Project-Base.xcconfig */ = {isa = PBXFileReference; lastKnownFileType = text.xcconfig; path = "Project-Base.xcconfig"; sourceTree = "<group>"; };
		1A2B3C4D5E6F708192A3B4D2 /* Project-Debug.xcconfig */ = {isa = PBXFileReference; lastKnownFileType = text.xcconfig; path = "Project-Debug.xcconfig"; sourceTree = "<group>"; };
		1A2B3C4D5E6F708192A3B4D3 /* Project-Release.xcconfig */ = {isa = PBXFileReference; lastKnownFileType = text.xcconfig; path = "Project-Release.xcconfig"; sourceTree = "<group>"; };
		1A2B3C4D5E6F708192A3B4D4 /* Cue-Base.xcconfig */ = {isa = PBXFileReference; lastKnownFileType = text.xcconfig; path = "Cue-Base.xcconfig"; sourceTree = "<group>"; };
		1A2B3C4D5E6F708192A3B4D5 /* CueTests-Base.xcconfig */ = {isa = PBXFileReference; lastKnownFileType = text.xcconfig; path = "CueTests-Base.xcconfig"; sourceTree = "<group>"; };
/* End PBXFileReference section */

/* Begin PBXFileSystemSynchronizedRootGroup section */
		05A71C952F5A93C3009A5F0F /* Cue */ = {
			isa = PBXFileSystemSynchronizedRootGroup;
			path = Cue;
			sourceTree = "<group>";
		};
		05A71CA32F5A93C4009A5F0F /* CueTests */ = {
			isa = PBXFileSystemSynchronizedRootGroup;
			path = CueTests;
			sourceTree = "<group>";
		};
/* End PBXFileSystemSynchronizedRootGroup section */

/* Begin PBXFrameworksBuildPhase section */
		05A71C902F5A93C3009A5F0F /* Frameworks */ = {
			isa = PBXFrameworksBuildPhase;
			buildActionMask = 2147483647;
			files = (
				2B3C4D5E6F708192A3B4C5D8 /* KeyboardShortcuts in Frameworks */,
				9A1B2C3D4E5F60718293A4B5 /* FluidAudio in Frameworks */,
			);
			runOnlyForDeploymentPostprocessing = 0;
		};
		05A71C9D2F5A93C4009A5F0F /* Frameworks */ = {
			isa = PBXFrameworksBuildPhase;
			buildActionMask = 2147483647;
			files = (
			);
			runOnlyForDeploymentPostprocessing = 0;
		};
/* End PBXFrameworksBuildPhase section */

/* Begin PBXGroup section */
		05A71C8A2F5A93C3009A5F0F = {
			isa = PBXGroup;
			children = (
				1A2B3C4D5E6F708192A3B4C6 /* README.md */,
				1A2B3C4D5E6F708192A3B4D0 /* Config */,
				05A71C952F5A93C3009A5F0F /* Cue */,
				05A71CA32F5A93C4009A5F0F /* CueTests */,
				05A71C942F5A93C3009A5F0F /* Products */,
			);
			sourceTree = "<group>";
		};
		05A71C942F5A93C3009A5F0F /* Products */ = {
			isa = PBXGroup;
			children = (
				05A71C932F5A93C3009A5F0F /* Cue.app */,
				05A71CA02F5A93C4009A5F0F /* CueTests.xctest */,
			);
			name = Products;
			sourceTree = "<group>";
		};
		1A2B3C4D5E6F708192A3B4D0 /* Config */ = {
			isa = PBXGroup;
			children = (
				1A2B3C4D5E6F708192A3B4D4 /* Cue-Base.xcconfig */,
				1A2B3C4D5E6F708192A3B4D5 /* CueTests-Base.xcconfig */,
				1A2B3C4D5E6F708192A3B4D1 /* Project-Base.xcconfig */,
				1A2B3C4D5E6F708192A3B4D2 /* Project-Debug.xcconfig */,
				1A2B3C4D5E6F708192A3B4D3 /* Project-Release.xcconfig */,
			);
			path = Config;
			sourceTree = "<group>";
		};
/* End PBXGroup section */

/* Begin PBXAggregateTarget section */
		A10000000000000000000001 /* Install Cue */ = {
			isa = PBXAggregateTarget;
			buildConfigurationList = A10000000000000000000007 /* Build configuration list for PBXAggregateTarget "Install Cue" */;
			buildPhases = (
				A10000000000000000000004 /* Install Cue.app */,
			);
			buildRules = (
			);
			dependencies = (
				A10000000000000000000003 /* PBXTargetDependency */,
			);
			name = "Install Cue";
			productName = "Install Cue";
		};
/* End PBXAggregateTarget section */

/* Begin PBXNativeTarget section */
		05A71C922F5A93C3009A5F0F /* Cue */ = {
			isa = PBXNativeTarget;
			buildConfigurationList = 05A71CB42F5A93C4009A5F0F /* Build configuration list for PBXNativeTarget "Cue" */;
			buildPhases = (
				05A71C8F2F5A93C3009A5F0F /* Sources */,
				05A71C902F5A93C3009A5F0F /* Frameworks */,
				05A71C912F5A93C3009A5F0F /* Resources */,
			);
			buildRules = (
			);
			dependencies = (
			);
			fileSystemSynchronizedGroups = (
				05A71C952F5A93C3009A5F0F /* Cue */,
			);
			name = Cue;
			packageProductDependencies = (
				2B3C4D5E6F708192A3B4C5D7 /* KeyboardShortcuts */,
				9A1B2C3D4E5F60718293A4B4 /* FluidAudio */,
			);
			productName = Cue;
			productReference = 05A71C932F5A93C3009A5F0F /* Cue.app */;
			productType = "com.apple.product-type.application";
		};
		05A71C9F2F5A93C4009A5F0F /* CueTests */ = {
			isa = PBXNativeTarget;
			buildConfigurationList = 05A71CB72F5A93C4009A5F0F /* Build configuration list for PBXNativeTarget "CueTests" */;
			buildPhases = (
				05A71C9C2F5A93C4009A5F0F /* Sources */,
				05A71C9D2F5A93C4009A5F0F /* Frameworks */,
				05A71C9E2F5A93C4009A5F0F /* Resources */,
			);
			buildRules = (
			);
			dependencies = (
				05A71CA22F5A93C4009A5F0F /* PBXTargetDependency */,
			);
			fileSystemSynchronizedGroups = (
				05A71CA32F5A93C4009A5F0F /* CueTests */,
			);
			name = CueTests;
			packageProductDependencies = (
			);
			productName = CueTests;
			productReference = 05A71CA02F5A93C4009A5F0F /* CueTests.xctest */;
			productType = "com.apple.product-type.bundle.unit-test";
		};
/* End PBXNativeTarget section */

/* Begin PBXProject section */
		05A71C8B2F5A93C3009A5F0F /* Project object */ = {
			isa = PBXProject;
			attributes = {
				BuildIndependentTargetsInParallel = 1;
				LastSwiftUpdateCheck = 2630;
				LastUpgradeCheck = 2630;
				TargetAttributes = {
					A10000000000000000000001 = {
						CreatedOnToolsVersion = 26.3;
					};
					05A71C922F5A93C3009A5F0F = {
						CreatedOnToolsVersion = 26.3;
					};
					05A71C9F2F5A93C4009A5F0F = {
						CreatedOnToolsVersion = 26.3;
						TestTargetID = 05A71C922F5A93C3009A5F0F;
					};
				};
			};
			buildConfigurationList = 05A71C8E2F5A93C3009A5F0F /* Build configuration list for PBXProject "Cue" */;
			developmentRegion = en;
			hasScannedForEncodings = 0;
			knownRegions = (
				en,
				Base,
			);
			mainGroup = 05A71C8A2F5A93C3009A5F0F;
			minimizedProjectReferenceProxies = 1;
			packageReferences = (
				2B3C4D5E6F708192A3B4C5D6 /* XCRemoteSwiftPackageReference "KeyboardShortcuts" */,
				9A1B2C3D4E5F60718293A4B3 /* XCRemoteSwiftPackageReference "FluidAudio" */,
			);
			preferredProjectObjectVersion = 77;
			productRefGroup = 05A71C942F5A93C3009A5F0F /* Products */;
			projectDirPath = "";
			projectRoot = "";
			targets = (
				05A71C922F5A93C3009A5F0F /* Cue */,
				05A71C9F2F5A93C4009A5F0F /* CueTests */,
				A10000000000000000000001 /* Install Cue */,
			);
		};
/* End PBXProject section */

/* Begin PBXResourcesBuildPhase section */
		05A71C912F5A93C3009A5F0F /* Resources */ = {
			isa = PBXResourcesBuildPhase;
			buildActionMask = 2147483647;
			files = (
			);
			runOnlyForDeploymentPostprocessing = 0;
		};
		05A71C9E2F5A93C4009A5F0F /* Resources */ = {
			isa = PBXResourcesBuildPhase;
			buildActionMask = 2147483647;
			files = (
			);
			runOnlyForDeploymentPostprocessing = 0;
		};
/* End PBXResourcesBuildPhase section */

/* Begin PBXShellScriptBuildPhase section */
		A10000000000000000000004 /* Install Cue.app */ = {
			isa = PBXShellScriptBuildPhase;
			alwaysOutOfDate = 1;
			buildActionMask = 2147483647;
			files = (
			);
			inputFileListPaths = (
			);
			inputPaths = (
				"$(BUILT_PRODUCTS_DIR)/Cue.app",
			);
			name = "Install Cue.app";
			outputFileListPaths = (
			);
			outputPaths = (
				/Applications/Cue.app,
			);
			runOnlyForDeploymentPostprocessing = 0;
			shellPath = /bin/sh;
			shellScript = "\"${SRCROOT}/scripts/install-app.sh\" \"${BUILT_PRODUCTS_DIR}/Cue.app\"\n";
			showEnvVarsInLog = 0;
		};
/* End PBXShellScriptBuildPhase section */

/* Begin PBXSourcesBuildPhase section */
		05A71C8F2F5A93C3009A5F0F /* Sources */ = {
			isa = PBXSourcesBuildPhase;
			buildActionMask = 2147483647;
			files = (
			);
			runOnlyForDeploymentPostprocessing = 0;
		};
		05A71C9C2F5A93C4009A5F0F /* Sources */ = {
			isa = PBXSourcesBuildPhase;
			buildActionMask = 2147483647;
			files = (
			);
			runOnlyForDeploymentPostprocessing = 0;
		};
/* End PBXSourcesBuildPhase section */

/* Begin PBXTargetDependency section */
		A10000000000000000000003 /* PBXTargetDependency */ = {
			isa = PBXTargetDependency;
			target = 05A71C922F5A93C3009A5F0F /* Cue */;
			targetProxy = A10000000000000000000002 /* PBXContainerItemProxy */;
		};
		05A71CA22F5A93C4009A5F0F /* PBXTargetDependency */ = {
			isa = PBXTargetDependency;
			target = 05A71C922F5A93C3009A5F0F /* Cue */;
			targetProxy = 05A71CA12F5A93C4009A5F0F /* PBXContainerItemProxy */;
		};
/* End PBXTargetDependency section */

/* Begin XCBuildConfiguration section */
		A10000000000000000000005 /* Debug */ = {
			isa = XCBuildConfiguration;
			buildSettings = {
				ENABLE_USER_SCRIPT_SANDBOXING = NO;
			};
			name = Debug;
		};
		A10000000000000000000006 /* Release */ = {
			isa = XCBuildConfiguration;
			buildSettings = {
				ENABLE_USER_SCRIPT_SANDBOXING = NO;
			};
			name = Release;
		};
		05A71CB22F5A93C4009A5F0F /* Debug */ = {
			isa = XCBuildConfiguration;
			baseConfigurationReference = 1A2B3C4D5E6F708192A3B4D2 /* Project-Debug.xcconfig */;
			buildSettings = {
			};
			name = Debug;
		};
		05A71CB32F5A93C4009A5F0F /* Release */ = {
			isa = XCBuildConfiguration;
			baseConfigurationReference = 1A2B3C4D5E6F708192A3B4D3 /* Project-Release.xcconfig */;
			buildSettings = {
			};
			name = Release;
		};
		05A71CB52F5A93C4009A5F0F /* Debug */ = {
			isa = XCBuildConfiguration;
			baseConfigurationReference = 1A2B3C4D5E6F708192A3B4D4 /* Cue-Base.xcconfig */;
			buildSettings = {
			};
			name = Debug;
		};
		05A71CB62F5A93C4009A5F0F /* Release */ = {
			isa = XCBuildConfiguration;
			baseConfigurationReference = 1A2B3C4D5E6F708192A3B4D4 /* Cue-Base.xcconfig */;
			buildSettings = {
			};
			name = Release;
		};
		05A71CB82F5A93C4009A5F0F /* Debug */ = {
			isa = XCBuildConfiguration;
			baseConfigurationReference = 1A2B3C4D5E6F708192A3B4D5 /* CueTests-Base.xcconfig */;
			buildSettings = {
			};
			name = Debug;
		};
		05A71CB92F5A93C4009A5F0F /* Release */ = {
			isa = XCBuildConfiguration;
			baseConfigurationReference = 1A2B3C4D5E6F708192A3B4D5 /* CueTests-Base.xcconfig */;
			buildSettings = {
			};
			name = Release;
		};
/* End XCBuildConfiguration section */

/* Begin XCConfigurationList section */
		A10000000000000000000007 /* Build configuration list for PBXAggregateTarget "Install Cue" */ = {
			isa = XCConfigurationList;
			buildConfigurations = (
				A10000000000000000000005 /* Debug */,
				A10000000000000000000006 /* Release */,
			);
			defaultConfigurationIsVisible = 0;
			defaultConfigurationName = Release;
		};
		05A71C8E2F5A93C3009A5F0F /* Build configuration list for PBXProject "Cue" */ = {
			isa = XCConfigurationList;
			buildConfigurations = (
				05A71CB22F5A93C4009A5F0F /* Debug */,
				05A71CB32F5A93C4009A5F0F /* Release */,
			);
			defaultConfigurationIsVisible = 0;
			defaultConfigurationName = Release;
		};
		05A71CB42F5A93C4009A5F0F /* Build configuration list for PBXNativeTarget "Cue" */ = {
			isa = XCConfigurationList;
			buildConfigurations = (
				05A71CB52F5A93C4009A5F0F /* Debug */,
				05A71CB62F5A93C4009A5F0F /* Release */,
			);
			defaultConfigurationIsVisible = 0;
			defaultConfigurationName = Release;
		};
		05A71CB72F5A93C4009A5F0F /* Build configuration list for PBXNativeTarget "CueTests" */ = {
			isa = XCConfigurationList;
			buildConfigurations = (
				05A71CB82F5A93C4009A5F0F /* Debug */,
				05A71CB92F5A93C4009A5F0F /* Release */,
			);
			defaultConfigurationIsVisible = 0;
			defaultConfigurationName = Release;
		};
/* End XCConfigurationList section */

/* Begin XCRemoteSwiftPackageReference section */
		2B3C4D5E6F708192A3B4C5D6 /* XCRemoteSwiftPackageReference "KeyboardShortcuts" */ = {
			isa = XCRemoteSwiftPackageReference;
			repositoryURL = "https://github.com/sindresorhus/KeyboardShortcuts";
			requirement = {
				kind = upToNextMinorVersion;
				minimumVersion = 3.0.1;
			};
		};
		9A1B2C3D4E5F60718293A4B3 /* XCRemoteSwiftPackageReference "FluidAudio" */ = {
			isa = XCRemoteSwiftPackageReference;
			repositoryURL = "https://github.com/FluidInference/FluidAudio.git";
			requirement = {
				kind = upToNextMinorVersion;
				minimumVersion = 0.15.6;
			};
		};
/* End XCRemoteSwiftPackageReference section */

/* Begin XCSwiftPackageProductDependency section */
		2B3C4D5E6F708192A3B4C5D7 /* KeyboardShortcuts */ = {
			isa = XCSwiftPackageProductDependency;
			package = 2B3C4D5E6F708192A3B4C5D6 /* XCRemoteSwiftPackageReference "KeyboardShortcuts" */;
			productName = KeyboardShortcuts;
		};
		9A1B2C3D4E5F60718293A4B4 /* FluidAudio */ = {
			isa = XCSwiftPackageProductDependency;
			package = 9A1B2C3D4E5F60718293A4B3 /* XCRemoteSwiftPackageReference "FluidAudio" */;
			productName = FluidAudio;
		};
/* End XCSwiftPackageProductDependency section */
	};
	rootObject = 05A71C8B2F5A93C3009A5F0F /* Project object */;
}
